
Microsoft Visual Studio Solution File, Format Version 12.00
# Visual Studio 2015
Project("{FAE04EC0-301F-11D3-BF4B-00C04F79EFBC}") = "multiplayer test.CSharp", "multiplayer test.CSharp.csproj", "{2064287E-3D95-1D6B-48AD-6F311C6DFBF1}"
EndProject
Global
	GlobalSection(SolutionConfigurationPlatforms) = preSolution
		Debug|Any CPU = Debug|Any CPU
		Release|Any CPU = Release|Any CPU
	EndGlobalSection
	GlobalSection(ProjectConfigurationPlatforms) = postSolution
		{2064287E-3D95-1D6B-48AD-6F311C6DFBF1}.Debug|Any CPU.ActiveCfg = Debug|Any CPU
		{2064287E-3D95-1D6B-48AD-6F311C6DFBF1}.Debug|Any CPU.Build.0 = Debug|Any CPU
		{2064287E-3D95-1D6B-48AD-6F311C6DFBF1}.Release|Any CPU.ActiveCfg = Release|Any CPU
		{2064287E-3D95-1D6B-48AD-6F311C6DFBF1}.Release|Any CPU.Build.0 = Release|Any CPU
	EndGlobalSection
	GlobalSection(SolutionProperties) = preSolution
		HideSolutionNode = FALSE
	EndGlobalSection
EndGlobal
